
Microsoft Visual Studio Solution File, Format Version 12.00
# Visual Studio Version 17
VisualStudioVersion = 17.14.36202.13
MinimumVisualStudioVersion = 10.0.40219.1
Project("{2150E333-8FDC-42A3-9474-1A3956D46DE8}") = "src", "src", "{02EA681E-C7D8-13C7-8484-4AC65E1B71E8}"
EndProject
Project("{2150E333-8FDC-42A3-9474-1A3956D46DE8}") = "Building Block", "Building Block", "{BE3E6BE2-0347-4D8D-B6E2-3983E96AA475}"
EndProject
Project("{2150E333-8FDC-42A3-9474-1A3956D46DE8}") = "Services", "Services", "{AEE8F1FD-6206-400D-9DA3-520F3157F171}"
EndProject
Project("{2150E333-8FDC-42A3-9474-1A3956D46DE8}") = "Web", "Web", "{6D73CE8E-0D18-4453-911F-A168AE5AA4B7}"
EndProject
Project("{2150E333-8FDC-42A3-9474-1A3956D46DE8}") = "ToDo", "ToDo", "{CF5FFEAA-E573-4E6B-BF5A-265F39FCC88D}"
EndProject
Project("{FAE04EC0-301F-11D3-BF4B-00C04F79EFBC}") = "ToDo.Infrastructure", "src\services\ToDo.Infrastructure\ToDo.Infrastructure.csproj", "{DDF67E26-2364-4316-9B5E-5F6972FD80C5}"
EndProject
Project("{FAE04EC0-301F-11D3-BF4B-00C04F79EFBC}") = "ToDo.Domain", "src\services\ToDo.Domain\ToDo.Domain.csproj", "{651BF7EF-80B1-4A5C-A8BF-B399C90552CD}"
EndProject
Project("{FAE04EC0-301F-11D3-BF4B-00C04F79EFBC}") = "ToDo.Application", "src\services\ToDo.Application\ToDo.Application.csproj", "{8273FC8F-124F-4CC3-BAD5-DF4001E4A072}"
EndProject
Project("{2150E333-8FDC-42A3-9474-1A3956D46DE8}") = "Core", "Core", "{5C0BF838-D50A-4F68-80FC-7BB43CEC3B4B}"
EndProject
Project("{FAE04EC0-301F-11D3-BF4B-00C04F79EFBC}") = "Core", "src\building blocks\Core\Core.csproj", "{E88C87BA-530C-4B00-B4CC-36F88227C08E}"
EndProject
Project("{FAE04EC0-301F-11D3-BF4B-00C04F79EFBC}") = "ToDo.API", "src\services\ToDo.API\ToDo.API.csproj", "{D8B7F4D5-82EE-4167-A5CE-4A8531415297}"
EndProject
Project("{2150E333-8FDC-42A3-9474-1A3956D46DE8}") = "Services", "Services", "{F9560CFD-C06E-4148-9A14-072120F36B72}"
EndProject
Project("{FAE04EC0-301F-11D3-BF4B-00C04F79EFBC}") = "WebAPI.Core", "src\building blocks\WebAPI.Core\WebAPI.Core.csproj", "{92E50ED3-7AEE-4C20-8A59-FE688F222D42}"
EndProject
Global
	GlobalSection(SolutionConfigurationPlatforms) = preSolution
		Debug|Any CPU = Debug|Any CPU
		Release|Any CPU = Release|Any CPU
	EndGlobalSection
	GlobalSection(ProjectConfigurationPlatforms) = postSolution
		{DDF67E26-2364-4316-9B5E-5F6972FD80C5}.Debug|Any CPU.ActiveCfg = Debug|Any CPU
		{DDF67E26-2364-4316-9B5E-5F6972FD80C5}.Debug|Any CPU.Build.0 = Debug|Any CPU
		{DDF67E26-2364-4316-9B5E-5F6972FD80C5}.Release|Any CPU.ActiveCfg = Release|Any CPU
		{DDF67E26-2364-4316-9B5E-5F6972FD80C5}.Release|Any CPU.Build.0 = Release|Any CPU
		{651BF7EF-80B1-4A5C-A8BF-B399C90552CD}.Debug|Any CPU.ActiveCfg = Debug|Any CPU
		{651BF7EF-80B1-4A5C-A8BF-B399C90552CD}.Debug|Any CPU.Build.0 = Debug|Any CPU
		{651BF7EF-80B1-4A5C-A8BF-B399C90552CD}.Release|Any CPU.ActiveCfg = Release|Any CPU
		{651BF7EF-80B1-4A5C-A8BF-B399C90552CD}.Release|Any CPU.Build.0 = Release|Any CPU
		{8273FC8F-124F-4CC3-BAD5-DF4001E4A072}.Debug|Any CPU.ActiveCfg = Debug|Any CPU
		{8273FC8F-124F-4CC3-BAD5-DF4001E4A072}.Debug|Any CPU.Build.0 = Debug|Any CPU
		{8273FC8F-124F-4CC3-BAD5-DF4001E4A072}.Release|Any CPU.ActiveCfg = Release|Any CPU
		{8273FC8F-124F-4CC3-BAD5-DF4001E4A072}.Release|Any CPU.Build.0 = Release|Any CPU
		{E88C87BA-530C-4B00-B4CC-36F88227C08E}.Debug|Any CPU.ActiveCfg = Debug|Any CPU
		{E88C87BA-530C-4B00-B4CC-36F88227C08E}.Debug|Any CPU.Build.0 = Debug|Any CPU
		{E88C87BA-530C-4B00-B4CC-36F88227C08E}.Release|Any CPU.ActiveCfg = Release|Any CPU
		{E88C87BA-530C-4B00-B4CC-36F88227C08E}.Release|Any CPU.Build.0 = Release|Any CPU
		{D8B7F4D5-82EE-4167-A5CE-4A8531415297}.Debug|Any CPU.ActiveCfg = Debug|Any CPU
		{D8B7F4D5-82EE-4167-A5CE-4A8531415297}.Debug|Any CPU.Build.0 = Debug|Any CPU
		{D8B7F4D5-82EE-4167-A5CE-4A8531415297}.Release|Any CPU.ActiveCfg = Release|Any CPU
		{D8B7F4D5-82EE-4167-A5CE-4A8531415297}.Release|Any CPU.Build.0 = Release|Any CPU
		{92E50ED3-7AEE-4C20-8A59-FE688F222D42}.Debug|Any CPU.ActiveCfg = Debug|Any CPU
		{92E50ED3-7AEE-4C20-8A59-FE688F222D42}.Debug|Any CPU.Build.0 = Debug|Any CPU
		{92E50ED3-7AEE-4C20-8A59-FE688F222D42}.Release|Any CPU.ActiveCfg = Release|Any CPU
		{92E50ED3-7AEE-4C20-8A59-FE688F222D42}.Release|Any CPU.Build.0 = Release|Any CPU
	EndGlobalSection
	GlobalSection(SolutionProperties) = preSolution
		HideSolutionNode = FALSE
	EndGlobalSection
	GlobalSection(NestedProjects) = preSolution
		{BE3E6BE2-0347-4D8D-B6E2-3983E96AA475} = {02EA681E-C7D8-13C7-8484-4AC65E1B71E8}
		{AEE8F1FD-6206-400D-9DA3-520F3157F171} = {02EA681E-C7D8-13C7-8484-4AC65E1B71E8}
		{6D73CE8E-0D18-4453-911F-A168AE5AA4B7} = {02EA681E-C7D8-13C7-8484-4AC65E1B71E8}
		{CF5FFEAA-E573-4E6B-BF5A-265F39FCC88D} = {AEE8F1FD-6206-400D-9DA3-520F3157F171}
		{DDF67E26-2364-4316-9B5E-5F6972FD80C5} = {CF5FFEAA-E573-4E6B-BF5A-265F39FCC88D}
		{651BF7EF-80B1-4A5C-A8BF-B399C90552CD} = {CF5FFEAA-E573-4E6B-BF5A-265F39FCC88D}
		{8273FC8F-124F-4CC3-BAD5-DF4001E4A072} = {CF5FFEAA-E573-4E6B-BF5A-265F39FCC88D}
		{5C0BF838-D50A-4F68-80FC-7BB43CEC3B4B} = {BE3E6BE2-0347-4D8D-B6E2-3983E96AA475}
		{E88C87BA-530C-4B00-B4CC-36F88227C08E} = {5C0BF838-D50A-4F68-80FC-7BB43CEC3B4B}
		{D8B7F4D5-82EE-4167-A5CE-4A8531415297} = {CF5FFEAA-E573-4E6B-BF5A-265F39FCC88D}
		{F9560CFD-C06E-4148-9A14-072120F36B72} = {BE3E6BE2-0347-4D8D-B6E2-3983E96AA475}
		{92E50ED3-7AEE-4C20-8A59-FE688F222D42} = {F9560CFD-C06E-4148-9A14-072120F36B72}
	EndGlobalSection
	GlobalSection(ExtensibilityGlobals) = postSolution
		SolutionGuid = {6E2BE4A6-D7B1-4A28-A21F-A18D9D6437E7}
	EndGlobalSection
EndGlobal
